
Microsoft Visual Studio Solution File, Format Version 12.00
# Visual Studio Version 16
VisualStudioVersion = 16.0.29709.97
MinimumVisualStudioVersion = 10.0.40219.1
Project("{FAE04EC0-301F-11D3-BF4B-00C04F79EFBC}") = "TransactionFeeCalculator", "TransactionFeeCalculator\TransactionFeeCalculator.csproj", "{91C1790D-588F-4080-A19F-B4B520E52685}"
EndProject
Project("{FAE04EC0-301F-11D3-BF4B-00C04F79EFBC}") = "TransactionSurcharge", "TransactionSurcharge\TransactionSurcharge.csproj", "{9291B13E-1CCF-453C-ADA5-8CE9CAD10746}"
EndProject
Global
	GlobalSection(SolutionConfigurationPlatforms) = preSolution
		Debug|Any CPU = Debug|Any CPU
		Release|Any CPU = Release|Any CPU
	EndGlobalSection
	GlobalSection(ProjectConfigurationPlatforms) = postSolution
		{91C1790D-588F-4080-A19F-B4B520E52685}.Debug|Any CPU.ActiveCfg = Debug|Any CPU
		{91C1790D-588F-4080-A19F-B4B520E52685}.Debug|Any CPU.Build.0 = Debug|Any CPU
		{91C1790D-588F-4080-A19F-B4B520E52685}.Release|Any CPU.ActiveCfg = Release|Any CPU
		{91C1790D-588F-4080-A19F-B4B520E52685}.Release|Any CPU.Build.0 = Release|Any CPU
		{9291B13E-1CCF-453C-ADA5-8CE9CAD10746}.Debug|Any CPU.ActiveCfg = Debug|Any CPU
		{9291B13E-1CCF-453C-ADA5-8CE9CAD10746}.Debug|Any CPU.Build.0 = Debug|Any CPU
		{9291B13E-1CCF-453C-ADA5-8CE9CAD10746}.Release|Any CPU.ActiveCfg = Release|Any CPU
		{9291B13E-1CCF-453C-ADA5-8CE9CAD10746}.Release|Any CPU.Build.0 = Release|Any CPU
	EndGlobalSection
	GlobalSection(SolutionProperties) = preSolution
		HideSolutionNode = FALSE
	EndGlobalSection
	GlobalSection(ExtensibilityGlobals) = postSolution
		SolutionGuid = {AA86570D-0D62-46B3-BDFE-C4D90100D338}
	EndGlobalSection
EndGlobal
